
Microsoft Visual Studio Solution File, Format Version 12.00
# Visual Studio Version 17
VisualStudioVersion = 17.9.34714.143
MinimumVisualStudioVersion = 10.0.40219.1
Project("{2150E333-8FDC-42A3-9474-1A3956D46DE8}") = "Solution Items", "Solution Items", "{6116AE23-F8CE-4FFE-BB8F-8A1269765120}"
	ProjectSection(SolutionItems) = preProject
		..\..\README.md = ..\..\README.md
	EndProjectSection
EndProject
Project("{9A19103F-16F7-4668-BE54-9A1E7A4F7556}") = "Exercicio01", "Exercicio01\Exercicio01.csproj", "{88B2BA2B-B59C-4D5A-B027-6840E052F5BD}"
EndProject
Project("{FAE04EC0-301F-11D3-BF4B-00C04F79EFBC}") = "logica_1", "logica_1\logica_1.csproj", "{73DD90E9-9F85-425B-984B-ECDF86FC5710}"
EndProject
Project("{FAE04EC0-301F-11D3-BF4B-00C04F79EFBC}") = "logica_2", "logica_2\logica_2.csproj", "{9D0E70D8-F3A9-422A-BCC1-07E926AE5345}"
EndProject
Project("{FAE04EC0-301F-11D3-BF4B-00C04F79EFBC}") = "logica_3", "logica_3\logica_3.csproj", "{F6EDDEB9-C790-4CE5-99FD-59C3E97F4705}"
EndProject
Project("{FAE04EC0-301F-11D3-BF4B-00C04F79EFBC}") = "logica_4", "logica_4\logica_4.csproj", "{A6C363F4-1D4A-44C9-A584-A5CDE6D03065}"
EndProject
Project("{FAE04EC0-301F-11D3-BF4B-00C04F79EFBC}") = "logica_5", "logica_5\logica_5.csproj", "{425125F9-3004-4924-92C2-2E40279A6EB5}"
EndProject
Project("{FAE04EC0-301F-11D3-BF4B-00C04F79EFBC}") = "logica_6", "logica_6\logica_6.csproj", "{29F45C81-0BAD-42B2-B6B0-5539B07D155E}"
EndProject
Project("{FAE04EC0-301F-11D3-BF4B-00C04F79EFBC}") = "decisao_1", "decisao_1\decisao_1.csproj", "{EEE6CBFC-A3D4-41E9-90CB-18689B33D280}"
EndProject
Project("{FAE04EC0-301F-11D3-BF4B-00C04F79EFBC}") = "decisao_2", "logica_dois\decisao_2.csproj", "{5F991843-C7B5-4851-87AD-6F33474F1DCD}"
EndProject
Project("{FAE04EC0-301F-11D3-BF4B-00C04F79EFBC}") = "decisao_3", "decisao_3\decisao_3.csproj", "{218B9B3E-A706-4363-BB77-273CE08F2B19}"
EndProject
Project("{FAE04EC0-301F-11D3-BF4B-00C04F79EFBC}") = "decisao_4", "decisao_4\decisao_4.csproj", "{67ACEDEE-58BB-48A8-AA96-A420D1B10840}"
EndProject
Project("{FAE04EC0-301F-11D3-BF4B-00C04F79EFBC}") = "decisao_5", "decisao_5\decisao_5.csproj", "{CC807B75-95D0-47FB-B812-13DDC02EF68A}"
EndProject
Project("{FAE04EC0-301F-11D3-BF4B-00C04F79EFBC}") = "repeticao_1", "repeticao_1\repeticao_1.csproj", "{92EC860C-540E-428C-B672-2B9591C1D3B6}"
EndProject
Project("{FAE04EC0-301F-11D3-BF4B-00C04F79EFBC}") = "repeticao_2", "repeticao_2\repeticao_2.csproj", "{1A201BAC-C513-4C74-B9B1-30DB9A6577CC}"
EndProject
Project("{FAE04EC0-301F-11D3-BF4B-00C04F79EFBC}") = "repeticao_3", "repeticao_3\repeticao_3.csproj", "{9AEC545D-2CDC-44FE-8142-15795B8049AD}"
EndProject
Project("{FAE04EC0-301F-11D3-BF4B-00C04F79EFBC}") = "repeticao_4", "repeticao_4\repeticao_4.csproj", "{37E845E4-8DDC-4505-9432-757C067F5D92}"
EndProject
Project("{FAE04EC0-301F-11D3-BF4B-00C04F79EFBC}") = "repeticao_5", "repeticao_5\repeticao_5.csproj", "{FB109F66-24A9-495A-B08C-0CEBFAE53F46}"
EndProject
Global
	GlobalSection(SolutionConfigurationPlatforms) = preSolution
		Debug|Any CPU = Debug|Any CPU
		Release|Any CPU = Release|Any CPU
	EndGlobalSection
	GlobalSection(ProjectConfigurationPlatforms) = postSolution
		{88B2BA2B-B59C-4D5A-B027-6840E052F5BD}.Debug|Any CPU.ActiveCfg = Debug|Any CPU
		{88B2BA2B-B59C-4D5A-B027-6840E052F5BD}.Debug|Any CPU.Build.0 = Debug|Any CPU
		{88B2BA2B-B59C-4D5A-B027-6840E052F5BD}.Release|Any CPU.ActiveCfg = Release|Any CPU
		{88B2BA2B-B59C-4D5A-B027-6840E052F5BD}.Release|Any CPU.Build.0 = Release|Any CPU
		{73DD90E9-9F85-425B-984B-ECDF86FC5710}.Debug|Any CPU.ActiveCfg = Debug|Any CPU
		{73DD90E9-9F85-425B-984B-ECDF86FC5710}.Debug|Any CPU.Build.0 = Debug|Any CPU
		{73DD90E9-9F85-425B-984B-ECDF86FC5710}.Release|Any CPU.ActiveCfg = Release|Any CPU
		{73DD90E9-9F85-425B-984B-ECDF86FC5710}.Release|Any CPU.Build.0 = Release|Any CPU
		{9D0E70D8-F3A9-422A-BCC1-07E926AE5345}.Debug|Any CPU.ActiveCfg = Debug|Any CPU
		{9D0E70D8-F3A9-422A-BCC1-07E926AE5345}.Debug|Any CPU.Build.0 = Debug|Any CPU
		{9D0E70D8-F3A9-422A-BCC1-07E926AE5345}.Release|Any CPU.ActiveCfg = Release|Any CPU
		{9D0E70D8-F3A9-422A-BCC1-07E926AE5345}.Release|Any CPU.Build.0 = Release|Any CPU
		{F6EDDEB9-C790-4CE5-99FD-59C3E97F4705}.Debug|Any CPU.ActiveCfg = Debug|Any CPU
		{F6EDDEB9-C790-4CE5-99FD-59C3E97F4705}.Debug|Any CPU.Build.0 = Debug|Any CPU
		{F6EDDEB9-C790-4CE5-99FD-59C3E97F4705}.Release|Any CPU.ActiveCfg = Release|Any CPU
		{F6EDDEB9-C790-4CE5-99FD-59C3E97F4705}.Release|Any CPU.Build.0 = Release|Any CPU
		{A6C363F4-1D4A-44C9-A584-A5CDE6D03065}.Debug|Any CPU.ActiveCfg = Debug|Any CPU
		{A6C363F4-1D4A-44C9-A584-A5CDE6D03065}.Debug|Any CPU.Build.0 = Debug|Any CPU
		{A6C363F4-1D4A-44C9-A584-A5CDE6D03065}.Release|Any CPU.ActiveCfg = Release|Any CPU
		{A6C363F4-1D4A-44C9-A584-A5CDE6D03065}.Release|Any CPU.Build.0 = Release|Any CPU
		{425125F9-3004-4924-92C2-2E40279A6EB5}.Debug|Any CPU.ActiveCfg = Debug|Any CPU
		{425125F9-3004-4924-92C2-2E40279A6EB5}.Debug|Any CPU.Build.0 = Debug|Any CPU
		{425125F9-3004-4924-92C2-2E40279A6EB5}.Release|Any CPU.ActiveCfg = Release|Any CPU
		{425125F9-3004-4924-92C2-2E40279A6EB5}.Release|Any CPU.Build.0 = Release|Any CPU
		{29F45C81-0BAD-42B2-B6B0-5539B07D155E}.Debug|Any CPU.ActiveCfg = Debug|Any CPU
		{29F45C81-0BAD-42B2-B6B0-5539B07D155E}.Debug|Any CPU.Build.0 = Debug|Any CPU
		{29F45C81-0BAD-42B2-B6B0-5539B07D155E}.Release|Any CPU.ActiveCfg = Release|Any CPU
		{29F45C81-0BAD-42B2-B6B0-5539B07D155E}.Release|Any CPU.Build.0 = Release|Any CPU
		{EEE6CBFC-A3D4-41E9-90CB-18689B33D280}.Debug|Any CPU.ActiveCfg = Debug|Any CPU
		{EEE6CBFC-A3D4-41E9-90CB-18689B33D280}.Debug|Any CPU.Build.0 = Debug|Any CPU
		{EEE6CBFC-A3D4-41E9-90CB-18689B33D280}.Release|Any CPU.ActiveCfg = Release|Any CPU
		{EEE6CBFC-A3D4-41E9-90CB-18689B33D280}.Release|Any CPU.Build.0 = Release|Any CPU
		{5F991843-C7B5-4851-87AD-6F33474F1DCD}.Debug|Any CPU.ActiveCfg = Debug|Any CPU
		{5F991843-C7B5-4851-87AD-6F33474F1DCD}.Debug|Any CPU.Build.0 = Debug|Any CPU
		{5F991843-C7B5-4851-87AD-6F33474F1DCD}.Release|Any CPU.ActiveCfg = Release|Any CPU
		{5F991843-C7B5-4851-87AD-6F33474F1DCD}.Release|Any CPU.Build.0 = Release|Any CPU
		{218B9B3E-A706-4363-BB77-273CE08F2B19}.Debug|Any CPU.ActiveCfg = Debug|Any CPU
		{218B9B3E-A706-4363-BB77-273CE08F2B19}.Debug|Any CPU.Build.0 = Debug|Any CPU
		{218B9B3E-A706-4363-BB77-273CE08F2B19}.Release|Any CPU.ActiveCfg = Release|Any CPU
		{218B9B3E-A706-4363-BB77-273CE08F2B19}.Release|Any CPU.Build.0 = Release|Any CPU
		{67ACEDEE-58BB-48A8-AA96-A420D1B10840}.Debug|Any CPU.ActiveCfg = Debug|Any CPU
		{67ACEDEE-58BB-48A8-AA96-A420D1B10840}.Debug|Any CPU.Build.0 = Debug|Any CPU
		{67ACEDEE-58BB-48A8-AA96-A420D1B10840}.Release|Any CPU.ActiveCfg = Release|Any CPU
		{67ACEDEE-58BB-48A8-AA96-A420D1B10840}.Release|Any CPU.Build.0 = Release|Any CPU
		{CC807B75-95D0-47FB-B812-13DDC02EF68A}.Debug|Any CPU.ActiveCfg = Debug|Any CPU
		{CC807B75-95D0-47FB-B812-13DDC02EF68A}.Debug|Any CPU.Build.0 = Debug|Any CPU
		{CC807B75-95D0-47FB-B812-13DDC02EF68A}.Release|Any CPU.ActiveCfg = Release|Any CPU
		{CC807B75-95D0-47FB-B812-13DDC02EF68A}.Release|Any CPU.Build.0 = Release|Any CPU
		{92EC860C-540E-428C-B672-2B9591C1D3B6}.Debug|Any CPU.ActiveCfg = Debug|Any CPU
		{92EC860C-540E-428C-B672-2B9591C1D3B6}.Debug|Any CPU.Build.0 = Debug|Any CPU
		{92EC860C-540E-428C-B672-2B9591C1D3B6}.Release|Any CPU.ActiveCfg = Release|Any CPU
		{92EC860C-540E-428C-B672-2B9591C1D3B6}.Release|Any CPU.Build.0 = Release|Any CPU
		{1A201BAC-C513-4C74-B9B1-30DB9A6577CC}.Debug|Any CPU.ActiveCfg = Debug|Any CPU
		{1A201BAC-C513-4C74-B9B1-30DB9A6577CC}.Debug|Any CPU.Build.0 = Debug|Any CPU
		{1A201BAC-C513-4C74-B9B1-30DB9A6577CC}.Release|Any CPU.ActiveCfg = Release|Any CPU
		{1A201BAC-C513-4C74-B9B1-30DB9A6577CC}.Release|Any CPU.Build.0 = Release|Any CPU
		{9AEC545D-2CDC-44FE-8142-15795B8049AD}.Debug|Any CPU.ActiveCfg = Debug|Any CPU
		{9AEC545D-2CDC-44FE-8142-15795B8049AD}.Debug|Any CPU.Build.0 = Debug|Any CPU
		{9AEC545D-2CDC-44FE-8142-15795B8049AD}.Release|Any CPU.ActiveCfg = Release|Any CPU
		{9AEC545D-2CDC-44FE-8142-15795B8049AD}.Release|Any CPU.Build.0 = Release|Any CPU
		{37E845E4-8DDC-4505-9432-757C067F5D92}.Debug|Any CPU.ActiveCfg = Debug|Any CPU
		{37E845E4-8DDC-4505-9432-757C067F5D92}.Debug|Any CPU.Build.0 = Debug|Any CPU
		{37E845E4-8DDC-4505-9432-757C067F5D92}.Release|Any CPU.ActiveCfg = Release|Any CPU
		{37E845E4-8DDC-4505-9432-757C067F5D92}.Release|Any CPU.Build.0 = Release|Any CPU
		{FB109F66-24A9-495A-B08C-0CEBFAE53F46}.Debug|Any CPU.ActiveCfg = Debug|Any CPU
		{FB109F66-24A9-495A-B08C-0CEBFAE53F46}.Debug|Any CPU.Build.0 = Debug|Any CPU
		{FB109F66-24A9-495A-B08C-0CEBFAE53F46}.Release|Any CPU.ActiveCfg = Release|Any CPU
		{FB109F66-24A9-495A-B08C-0CEBFAE53F46}.Release|Any CPU.Build.0 = Release|Any CPU
	EndGlobalSection
	GlobalSection(SolutionProperties) = preSolution
		HideSolutionNode = FALSE
	EndGlobalSection
	GlobalSection(ExtensibilityGlobals) = postSolution
		SolutionGuid = {065D60E2-E288-49C6-9F6D-A845D255A6EA}
	EndGlobalSection
EndGlobal
